github.com/disco07/progressbar v0.0.0-20220928031646-c864b1d60c69 h1:EdbU08PK1tT/HIqaVpgqdj3OaD41sBhCtXjprQ1esnQ=
github.com/disco07/progressbar v0.0.0-20220928031646-c864b1d60c69/go.mod h1:TC0OkZEJn4TwNlSzkH9oPPCCCifXp/4QQXMADFVdA88=
github.com/disco07/progressbar v0.1.0 h1:/yTrBVEg3JSsyk/gucsUo4jP+7kBPs3JSBOUe4uBmn8=
github.com/disco07/progressbar v0.1.0/go.mod h1:TC0OkZEJn4TwNlSzkH9oPPCCCifXp/4QQXMADFVdA88=
github.com/disco07/progressbar v0.1.1 h1:XPGTV2DY2pk+yvcGx51kuxuwtrthNpnLCfh/oZC2v9k=
github.com/disco07/progressbar v0.1.1/go.mod h1:TC0OkZEJn4TwNlSzkH9oPPCCCifXp/4QQXMADFVdA88=
